
Microsoft Visual Studio Solution File, Format Version 12.00
# Visual Studio 15
VisualStudioVersion = 15.0.27428.2011
MinimumVisualStudioVersion = 10.0.40219.1
Project("{FAE04EC0-301F-11D3-BF4B-00C04F79EFBC}") = "ChooseYourOwnAdventure", "ChooseYourOwnAdventure\ChooseYourOwnAdventure.csproj", "{C72C2485-9F46-4591-8C60-78487CF04E22}"
EndProject
Global
	GlobalSection(SolutionConfigurationPlatforms) = preSolution
		Debug|Any CPU = Debug|Any CPU
		Release|Any CPU = Release|Any CPU
	EndGlobalSection
	GlobalSection(ProjectConfigurationPlatforms) = postSolution
		{C72C2485-9F46-4591-8C60-78487CF04E22}.Debug|Any CPU.ActiveCfg = Debug|Any CPU
		{C72C2485-9F46-4591-8C60-78487CF04E22}.Debug|Any CPU.Build.0 = Debug|Any CPU
		{C72C2485-9F46-4591-8C60-78487CF04E22}.Release|Any CPU.ActiveCfg = Release|Any CPU
		{C72C2485-9F46-4591-8C60-78487CF04E22}.Release|Any CPU.Build.0 = Release|Any CPU
	EndGlobalSection
	GlobalSection(SolutionProperties) = preSolution
		HideSolutionNode = FALSE
	EndGlobalSection
	GlobalSection(ExtensibilityGlobals) = postSolution
		SolutionGuid = {37A9AA6A-134D-463E-BC96-1BBBBEBE6470}
	EndGlobalSection
EndGlobal
